
Microsoft Visual Studio Solution File, Format Version 12.00
# Visual Studio 2015
Project("{FAE04EC0-301F-11D3-BF4B-00C04F79EFBC}") = "Skyrates.CSharp", "Skyrates.CSharp.csproj", "{BFC7DA6B-3328-3E67-1B76-5452AC8ED88E}"
EndProject
Project("{FAE04EC0-301F-11D3-BF4B-00C04F79EFBC}") = "Skyrates.CSharp.Plugins", "Skyrates.CSharp.Plugins.csproj", "{8B5B5D6B-CBBE-C1ED-BDB1-3AFD5228452C}"
EndProject
Project("{FAE04EC0-301F-11D3-BF4B-00C04F79EFBC}") = "Skyrates.CSharp.Editor.Plugins", "Skyrates.CSharp.Editor.Plugins.csproj", "{49A37B76-7574-2C11-534A-DBF2AFB939C6}"
EndProject
Project("{FAE04EC0-301F-11D3-BF4B-00C04F79EFBC}") = "Skyrates.CSharp.Editor", "Skyrates.CSharp.Editor.csproj", "{BA217324-440F-E3FF-A4E6-C43E0022F1D3}"
EndProject
Global
	GlobalSection(SolutionConfigurationPlatforms) = preSolution
		Debug|Any CPU = Debug|Any CPU
		Release|Any CPU = Release|Any CPU
	EndGlobalSection
	GlobalSection(ProjectConfigurationPlatforms) = postSolution
		{BFC7DA6B-3328-3E67-1B76-5452AC8ED88E}.Debug|Any CPU.ActiveCfg = Debug|Any CPU
		{BFC7DA6B-3328-3E67-1B76-5452AC8ED88E}.Debug|Any CPU.Build.0 = Debug|Any CPU
		{BFC7DA6B-3328-3E67-1B76-5452AC8ED88E}.Release|Any CPU.ActiveCfg = Release|Any CPU
		{BFC7DA6B-3328-3E67-1B76-5452AC8ED88E}.Release|Any CPU.Build.0 = Release|Any CPU
		{8B5B5D6B-CBBE-C1ED-BDB1-3AFD5228452C}.Debug|Any CPU.ActiveCfg = Debug|Any CPU
		{8B5B5D6B-CBBE-C1ED-BDB1-3AFD5228452C}.Debug|Any CPU.Build.0 = Debug|Any CPU
		{8B5B5D6B-CBBE-C1ED-BDB1-3AFD5228452C}.Release|Any CPU.ActiveCfg = Release|Any CPU
		{8B5B5D6B-CBBE-C1ED-BDB1-3AFD5228452C}.Release|Any CPU.Build.0 = Release|Any CPU
		{49A37B76-7574-2C11-534A-DBF2AFB939C6}.Debug|Any CPU.ActiveCfg = Debug|Any CPU
		{49A37B76-7574-2C11-534A-DBF2AFB939C6}.Debug|Any CPU.Build.0 = Debug|Any CPU
		{49A37B76-7574-2C11-534A-DBF2AFB939C6}.Release|Any CPU.ActiveCfg = Release|Any CPU
		{49A37B76-7574-2C11-534A-DBF2AFB939C6}.Release|Any CPU.Build.0 = Release|Any CPU
		{BA217324-440F-E3FF-A4E6-C43E0022F1D3}.Debug|Any CPU.ActiveCfg = Debug|Any CPU
		{BA217324-440F-E3FF-A4E6-C43E0022F1D3}.Debug|Any CPU.Build.0 = Debug|Any CPU
		{BA217324-440F-E3FF-A4E6-C43E0022F1D3}.Release|Any CPU.ActiveCfg = Release|Any CPU
		{BA217324-440F-E3FF-A4E6-C43E0022F1D3}.Release|Any CPU.Build.0 = Release|Any CPU
	EndGlobalSection
	GlobalSection(SolutionProperties) = preSolution
		HideSolutionNode = FALSE
	EndGlobalSection
EndGlobal
