
Microsoft Visual Studio Solution File, Format Version 12.00
# Visual Studio 2015
Project("{FAE04EC0-301F-11D3-BF4B-00C04F79EFBC}") = "Skyrates.CSharp", "Skyrates.CSharp.csproj", "{BFC7DA6B-3328-3E67-1B76-5452AC8ED88E}"
EndProject
Project("{FAE04EC0-301F-11D3-BF4B-00C04F79EFBC}") = "Skyrates.CSharp.Editor", "Skyrates.CSharp.Editor.csproj", "{BA217324-440F-E3FF-A4E6-C43E0022F1D3}"
EndProject
Global
	GlobalSection(SolutionConfigurationPlatforms) = preSolution
		Debug|Any CPU = Debug|Any CPU
		Release|Any CPU = Release|Any CPU
	EndGlobalSection
	GlobalSection(ProjectConfigurationPlatforms) = postSolution
		{BFC7DA6B-3328-3E67-1B76-5452AC8ED88E}.Debug|Any CPU.ActiveCfg = Debug|Any CPU
		{BFC7DA6B-3328-3E67-1B76-5452AC8ED88E}.Debug|Any CPU.Build.0 = Debug|Any CPU
		{BFC7DA6B-3328-3E67-1B76-5452AC8ED88E}.Release|Any CPU.ActiveCfg = Release|Any CPU
		{BFC7DA6B-3328-3E67-1B76-5452AC8ED88E}.Release|Any CPU.Build.0 = Release|Any CPU
		{BA217324-440F-E3FF-A4E6-C43E0022F1D3}.Debug|Any CPU.ActiveCfg = Debug|Any CPU
		{BA217324-440F-E3FF-A4E6-C43E0022F1D3}.Debug|Any CPU.Build.0 = Debug|Any CPU
		{BA217324-440F-E3FF-A4E6-C43E0022F1D3}.Release|Any CPU.ActiveCfg = Release|Any CPU
		{BA217324-440F-E3FF-A4E6-C43E0022F1D3}.Release|Any CPU.Build.0 = Release|Any CPU
	EndGlobalSection
	GlobalSection(SolutionProperties) = preSolution
		HideSolutionNode = FALSE
	EndGlobalSection
EndGlobal
